
Microsoft Visual Studio Solution File, Format Version 12.00
# Visual Studio Version 17
VisualStudioVersion = 17.6.33815.320
MinimumVisualStudioVersion = 10.0.40219.1
Project("{FAE04EC0-301F-11D3-BF4B-00C04F79EFBC}") = "HuevyChat", "HuevyChat\HuevyChat.csproj", "{888BF846-2175-484D-AAEC-227D67F8CBAC}"
EndProject
Global
	GlobalSection(SolutionConfigurationPlatforms) = preSolution
		Debug|Any CPU = Debug|Any CPU
		Release|Any CPU = Release|Any CPU
	EndGlobalSection
	GlobalSection(ProjectConfigurationPlatforms) = postSolution
		{888BF846-2175-484D-AAEC-227D67F8CBAC}.Debug|Any CPU.ActiveCfg = Debug|Any CPU
		{888BF846-2175-484D-AAEC-227D67F8CBAC}.Debug|Any CPU.Build.0 = Debug|Any CPU
		{888BF846-2175-484D-AAEC-227D67F8CBAC}.Release|Any CPU.ActiveCfg = Release|Any CPU
		{888BF846-2175-484D-AAEC-227D67F8CBAC}.Release|Any CPU.Build.0 = Release|Any CPU
	EndGlobalSection
	GlobalSection(SolutionProperties) = preSolution
		HideSolutionNode = FALSE
	EndGlobalSection
	GlobalSection(ExtensibilityGlobals) = postSolution
		SolutionGuid = {11E1CFED-BF1B-421D-8BEF-EDB412BA7808}
	EndGlobalSection
EndGlobal
